
Microsoft Visual Studio Solution File, Format Version 12.00
# Visual Studio Version 16
VisualStudioVersion = 16.0.29215.179
MinimumVisualStudioVersion = 10.0.40219.1
Project("{FAE04EC0-301F-11D3-BF4B-00C04F79EFBC}") = "ArbolesExp", "ArbolesExp\ArbolesExp.csproj", "{7DA258AA-1734-4E7D-B579-0E7CD20C77FB}"
EndProject
Global
	GlobalSection(SolutionConfigurationPlatforms) = preSolution
		Debug|Any CPU = Debug|Any CPU
		Release|Any CPU = Release|Any CPU
	EndGlobalSection
	GlobalSection(ProjectConfigurationPlatforms) = postSolution
		{7DA258AA-1734-4E7D-B579-0E7CD20C77FB}.Debug|Any CPU.ActiveCfg = Debug|Any CPU
		{7DA258AA-1734-4E7D-B579-0E7CD20C77FB}.Debug|Any CPU.Build.0 = Debug|Any CPU
		{7DA258AA-1734-4E7D-B579-0E7CD20C77FB}.Release|Any CPU.ActiveCfg = Release|Any CPU
		{7DA258AA-1734-4E7D-B579-0E7CD20C77FB}.Release|Any CPU.Build.0 = Release|Any CPU
	EndGlobalSection
	GlobalSection(SolutionProperties) = preSolution
		HideSolutionNode = FALSE
	EndGlobalSection
	GlobalSection(ExtensibilityGlobals) = postSolution
		SolutionGuid = {A443FA5B-DE89-4C93-868F-619BA886C768}
	EndGlobalSection
EndGlobal
